lockfileVersion: '6.0'

dependencies:
  '@clerk/nextjs':
    specifier: ^5.7.5
    version: 5.7.5
  '@clerk/types':
    specifier: ^4.14.0
    version: 4.14.0
  '@headlessui/react':
    specifier: ^2.1.2
    version: 2.1.2
  '@hookform/resolvers':
    specifier: ^3.9.0
    version: 3.9.0
  '@prisma/client':
    specifier: 5.21.1
    version: 5.21.1
  '@radix-ui/react-accordion':
    specifier: ^1.2.0
    version: 1.2.0
  '@radix-ui/react-avatar':
    specifier: ^1.1.0
    version: 1.1.0
  '@radix-ui/react-dialog':
    specifier: ^1.1.1
    version: 1.1.1
  '@radix-ui/react-dropdown-menu':
    specifier: ^2.1.1
    version: 2.1.1
  '@radix-ui/react-label':
    specifier: ^2.1.0
    version: 2.1.0
  '@radix-ui/react-navigation-menu':
    specifier: ^1.2.0
    version: 1.2.0
  '@radix-ui/react-progress':
    specifier: ^1.1.0
    version: 1.1.0
  '@radix-ui/react-select':
    specifier: ^2.1.1
    version: 2.1.1
  '@radix-ui/react-slot':
    specifier: ^1.1.0
    version: 1.1.0
  '@radix-ui/react-tabs':
    specifier: ^1.1.0
    version: 1.1.0
  '@radix-ui/react-tooltip':
    specifier: ^1.1.2
    version: 1.1.2
  class-variance-authority:
    specifier: ^0.7.0
    version: 0.7.0
  clsx:
    specifier: ^2.1.1
    version: 2.1.1
  embla-carousel-react:
    specifier: ^8.2.0
    version: 8.2.0
  framer-motion:
    specifier: ^11.3.28
    version: 11.3.28
  hamburger-react:
    specifier: ^2.5.1
    version: 2.5.1
  input-otp:
    specifier: ^1.2.4
    version: 1.2.4
  lucide-react:
    specifier: ^0.428.0
    version: 0.428.0
  mini-svg-data-uri:
    specifier: ^1.4.4
    version: 1.4.4
  next:
    specifier: 14.2.6
    version: 14.2.6
  next-themes:
    specifier: ^0.3.0
    version: 0.3.0
  react:
    specifier: ^18
    version: 18.2.0
  react-dom:
    specifier: ^18
    version: 18.2.0
  react-hook-form:
    specifier: ^7.53.0
    version: 7.53.0
  react-parallax-tilt:
    specifier: ^1.7.237
    version: 1.7.237
  react-use:
    specifier: ^17.5.1
    version: 17.5.1
  recharts:
    specifier: ^2.13.2
    version: 2.13.2
  sonner:
    specifier: ^1.5.0
    version: 1.5.0
  tailwind-merge:
    specifier: ^2.5.2
    version: 2.5.2
  tailwind-scrollbar-hide:
    specifier: ^1.1.7
    version: 1.1.7
  tailwindcss-animate:
    specifier: ^1.0.7
    version: 1.0.7
  usehooks-ts:
    specifier: ^3.1.0
    version: 3.1.0
  zod:
    specifier: ^3.23.8
    version: 3.23.8

devDependencies:
  '@types/node':
    specifier: ^20
    version: 20.11.30
  '@types/react':
    specifier: ^18
    version: 18.2.61
  '@types/react-dom':
    specifier: ^18
    version: 18.2.19
  eslint:
    specifier: ^8
    version: 8.56.0
  eslint-config-next:
    specifier: 14.2.5
    version: 14.2.5
  postcss:
    specifier: ^8
    version: 8.4.38
  prisma:
    specifier: 5.21.1
    version: 5.21.1
  tailwindcss:
    specifier: ^3.4.1
    version: 3.4.1
  typescript:
    specifier: ^5
    version: 5.4.5
